
Microsoft Visual Studio Solution File, Format Version 12.00
# Visual Studio 15
VisualStudioVersion = 15.0.27703.2047
MinimumVisualStudioVersion = 10.0.40219.1
Project("{8BC9CEB8-8B4A-11D0-8D11-00A0C91BC942}") = "NDevDLL", "NDevDLL\NDevDLL.vcxproj", "{8FA37010-3769-44C4-9038-6AAAF311AB60}"
EndProject
Project("{8BC9CEB8-8B4A-11D0-8D11-00A0C91BC942}") = "NDevLIB", "NDevLIB\NDevLIB.vcxproj", "{68E027F5-9625-475A-B1B7-F12CAE1B2FFF}"
EndProject
Project("{8BC9CEB8-8B4A-11D0-8D11-00A0C91BC942}") = "NDevTEST", "NDevTEST\NDevTEST.vcxproj", "{8080B5D4-DEF3-4250-B6B2-8D5DF4E02BEB}"
EndProject
Global
	GlobalSection(SolutionConfigurationPlatforms) = preSolution
		Debug|ARM = Debug|ARM
		Debug|x64 = Debug|x64
		Debug|x86 = Debug|x86
		Release|ARM = Release|ARM
		Release|x64 = Release|x64
		Release|x86 = Release|x86
	EndGlobalSection
	GlobalSection(ProjectConfigurationPlatforms) = postSolution
		{8FA37010-3769-44C4-9038-6AAAF311AB60}.Debug|ARM.ActiveCfg = Debug|ARM
		{8FA37010-3769-44C4-9038-6AAAF311AB60}.Debug|ARM.Build.0 = Debug|ARM
		{8FA37010-3769-44C4-9038-6AAAF311AB60}.Debug|x64.ActiveCfg = Debug|x64
		{8FA37010-3769-44C4-9038-6AAAF311AB60}.Debug|x64.Build.0 = Debug|x64
		{8FA37010-3769-44C4-9038-6AAAF311AB60}.Debug|x86.ActiveCfg = Debug|Win32
		{8FA37010-3769-44C4-9038-6AAAF311AB60}.Debug|x86.Build.0 = Debug|Win32
		{8FA37010-3769-44C4-9038-6AAAF311AB60}.Release|ARM.ActiveCfg = Release|ARM
		{8FA37010-3769-44C4-9038-6AAAF311AB60}.Release|ARM.Build.0 = Release|ARM
		{8FA37010-3769-44C4-9038-6AAAF311AB60}.Release|x64.ActiveCfg = Release|x64
		{8FA37010-3769-44C4-9038-6AAAF311AB60}.Release|x64.Build.0 = Release|x64
		{8FA37010-3769-44C4-9038-6AAAF311AB60}.Release|x86.ActiveCfg = Release|Win32
		{8FA37010-3769-44C4-9038-6AAAF311AB60}.Release|x86.Build.0 = Release|Win32
		{68E027F5-9625-475A-B1B7-F12CAE1B2FFF}.Debug|ARM.ActiveCfg = Debug|ARM
		{68E027F5-9625-475A-B1B7-F12CAE1B2FFF}.Debug|ARM.Build.0 = Debug|ARM
		{68E027F5-9625-475A-B1B7-F12CAE1B2FFF}.Debug|x64.ActiveCfg = Debug|x64
		{68E027F5-9625-475A-B1B7-F12CAE1B2FFF}.Debug|x64.Build.0 = Debug|x64
		{68E027F5-9625-475A-B1B7-F12CAE1B2FFF}.Debug|x86.ActiveCfg = Debug|Win32
		{68E027F5-9625-475A-B1B7-F12CAE1B2FFF}.Debug|x86.Build.0 = Debug|Win32
		{68E027F5-9625-475A-B1B7-F12CAE1B2FFF}.Release|ARM.ActiveCfg = Release|ARM
		{68E027F5-9625-475A-B1B7-F12CAE1B2FFF}.Release|ARM.Build.0 = Release|ARM
		{68E027F5-9625-475A-B1B7-F12CAE1B2FFF}.Release|x64.ActiveCfg = Release|x64
		{68E027F5-9625-475A-B1B7-F12CAE1B2FFF}.Release|x64.Build.0 = Release|x64
		{68E027F5-9625-475A-B1B7-F12CAE1B2FFF}.Release|x86.ActiveCfg = Release|Win32
		{68E027F5-9625-475A-B1B7-F12CAE1B2FFF}.Release|x86.Build.0 = Release|Win32
		{8080B5D4-DEF3-4250-B6B2-8D5DF4E02BEB}.Debug|ARM.ActiveCfg = Debug|ARM
		{8080B5D4-DEF3-4250-B6B2-8D5DF4E02BEB}.Debug|ARM.Build.0 = Debug|ARM
		{8080B5D4-DEF3-4250-B6B2-8D5DF4E02BEB}.Debug|ARM.Deploy.0 = Debug|ARM
		{8080B5D4-DEF3-4250-B6B2-8D5DF4E02BEB}.Debug|x64.ActiveCfg = Debug|x64
		{8080B5D4-DEF3-4250-B6B2-8D5DF4E02BEB}.Debug|x64.Build.0 = Debug|x64
		{8080B5D4-DEF3-4250-B6B2-8D5DF4E02BEB}.Debug|x64.Deploy.0 = Debug|x64
		{8080B5D4-DEF3-4250-B6B2-8D5DF4E02BEB}.Debug|x86.ActiveCfg = Debug|Win32
		{8080B5D4-DEF3-4250-B6B2-8D5DF4E02BEB}.Debug|x86.Build.0 = Debug|Win32
		{8080B5D4-DEF3-4250-B6B2-8D5DF4E02BEB}.Debug|x86.Deploy.0 = Debug|Win32
		{8080B5D4-DEF3-4250-B6B2-8D5DF4E02BEB}.Release|ARM.ActiveCfg = Release|ARM
		{8080B5D4-DEF3-4250-B6B2-8D5DF4E02BEB}.Release|ARM.Build.0 = Release|ARM
		{8080B5D4-DEF3-4250-B6B2-8D5DF4E02BEB}.Release|ARM.Deploy.0 = Release|ARM
		{8080B5D4-DEF3-4250-B6B2-8D5DF4E02BEB}.Release|x64.ActiveCfg = Release|x64
		{8080B5D4-DEF3-4250-B6B2-8D5DF4E02BEB}.Release|x64.Build.0 = Release|x64
		{8080B5D4-DEF3-4250-B6B2-8D5DF4E02BEB}.Release|x64.Deploy.0 = Release|x64
		{8080B5D4-DEF3-4250-B6B2-8D5DF4E02BEB}.Release|x86.ActiveCfg = Release|Win32
		{8080B5D4-DEF3-4250-B6B2-8D5DF4E02BEB}.Release|x86.Build.0 = Release|Win32
		{8080B5D4-DEF3-4250-B6B2-8D5DF4E02BEB}.Release|x86.Deploy.0 = Release|Win32
	EndGlobalSection
	GlobalSection(SolutionProperties) = preSolution
		HideSolutionNode = FALSE
	EndGlobalSection
	GlobalSection(ExtensibilityGlobals) = postSolution
		SolutionGuid = {3F2EEDD5-C3E6-4720-AA6B-732DBA523B9E}
	EndGlobalSection
EndGlobal
