
Microsoft Visual Studio Solution File, Format Version 12.00
# Visual Studio 15
VisualStudioVersion = 15.0.27703.2047
MinimumVisualStudioVersion = 10.0.40219.1
Project("{8BC9CEB8-8B4A-11D0-8D11-00A0C91BC942}") = "NDevLIB", "NDevLIB\NDevLIB.vcxproj", "{A17CAE16-5986-457B-A421-7066383EA452}"
EndProject
Project("{8BC9CEB8-8B4A-11D0-8D11-00A0C91BC942}") = "NDevDLL", "NDevDLL\NDevDLL.vcxproj", "{10B15700-72BB-4AA0-A4A6-13187621201E}"
EndProject
Project("{8BC9CEB8-8B4A-11D0-8D11-00A0C91BC942}") = "NDevTest", "NDevTest\NDevTest.vcxproj", "{E11F4202-1CF5-4778-815E-7C3B4BF7A0C4}"
EndProject
Project("{8BC9CEB8-8B4A-11D0-8D11-00A0C91BC942}") = "NDevDisplayLIB", "NDevDisplayLIB\NDevDisplayLIB.vcxproj", "{39390FBC-0BE8-40B2-B5FB-BD04911DB8BA}"
EndProject
Project("{8BC9CEB8-8B4A-11D0-8D11-00A0C91BC942}") = "NDevDisplayDLL", "NDevDisplayDLL\NDevDisplayDLL.vcxproj", "{0E31C418-011B-46B6-B597-472491CBE089}"
EndProject
Global
	GlobalSection(SolutionConfigurationPlatforms) = preSolution
		Debug|x64 = Debug|x64
		Debug|x86 = Debug|x86
		Release|x64 = Release|x64
		Release|x86 = Release|x86
	EndGlobalSection
	GlobalSection(ProjectConfigurationPlatforms) = postSolution
		{A17CAE16-5986-457B-A421-7066383EA452}.Debug|x64.ActiveCfg = Debug|x64
		{A17CAE16-5986-457B-A421-7066383EA452}.Debug|x64.Build.0 = Debug|x64
		{A17CAE16-5986-457B-A421-7066383EA452}.Debug|x86.ActiveCfg = Debug|Win32
		{A17CAE16-5986-457B-A421-7066383EA452}.Debug|x86.Build.0 = Debug|Win32
		{A17CAE16-5986-457B-A421-7066383EA452}.Release|x64.ActiveCfg = Release|x64
		{A17CAE16-5986-457B-A421-7066383EA452}.Release|x64.Build.0 = Release|x64
		{A17CAE16-5986-457B-A421-7066383EA452}.Release|x86.ActiveCfg = Release|Win32
		{A17CAE16-5986-457B-A421-7066383EA452}.Release|x86.Build.0 = Release|Win32
		{10B15700-72BB-4AA0-A4A6-13187621201E}.Debug|x64.ActiveCfg = Debug|x64
		{10B15700-72BB-4AA0-A4A6-13187621201E}.Debug|x64.Build.0 = Debug|x64
		{10B15700-72BB-4AA0-A4A6-13187621201E}.Debug|x86.ActiveCfg = Debug|Win32
		{10B15700-72BB-4AA0-A4A6-13187621201E}.Debug|x86.Build.0 = Debug|Win32
		{10B15700-72BB-4AA0-A4A6-13187621201E}.Release|x64.ActiveCfg = Release|x64
		{10B15700-72BB-4AA0-A4A6-13187621201E}.Release|x64.Build.0 = Release|x64
		{10B15700-72BB-4AA0-A4A6-13187621201E}.Release|x86.ActiveCfg = Release|Win32
		{10B15700-72BB-4AA0-A4A6-13187621201E}.Release|x86.Build.0 = Release|Win32
		{E11F4202-1CF5-4778-815E-7C3B4BF7A0C4}.Debug|x64.ActiveCfg = Debug|x64
		{E11F4202-1CF5-4778-815E-7C3B4BF7A0C4}.Debug|x64.Build.0 = Debug|x64
		{E11F4202-1CF5-4778-815E-7C3B4BF7A0C4}.Debug|x86.ActiveCfg = Debug|Win32
		{E11F4202-1CF5-4778-815E-7C3B4BF7A0C4}.Debug|x86.Build.0 = Debug|Win32
		{E11F4202-1CF5-4778-815E-7C3B4BF7A0C4}.Release|x64.ActiveCfg = Release|x64
		{E11F4202-1CF5-4778-815E-7C3B4BF7A0C4}.Release|x64.Build.0 = Release|x64
		{E11F4202-1CF5-4778-815E-7C3B4BF7A0C4}.Release|x86.ActiveCfg = Release|Win32
		{E11F4202-1CF5-4778-815E-7C3B4BF7A0C4}.Release|x86.Build.0 = Release|Win32
		{39390FBC-0BE8-40B2-B5FB-BD04911DB8BA}.Debug|x64.ActiveCfg = Debug|x64
		{39390FBC-0BE8-40B2-B5FB-BD04911DB8BA}.Debug|x64.Build.0 = Debug|x64
		{39390FBC-0BE8-40B2-B5FB-BD04911DB8BA}.Debug|x86.ActiveCfg = Debug|Win32
		{39390FBC-0BE8-40B2-B5FB-BD04911DB8BA}.Debug|x86.Build.0 = Debug|Win32
		{39390FBC-0BE8-40B2-B5FB-BD04911DB8BA}.Release|x64.ActiveCfg = Release|x64
		{39390FBC-0BE8-40B2-B5FB-BD04911DB8BA}.Release|x64.Build.0 = Release|x64
		{39390FBC-0BE8-40B2-B5FB-BD04911DB8BA}.Release|x86.ActiveCfg = Release|Win32
		{39390FBC-0BE8-40B2-B5FB-BD04911DB8BA}.Release|x86.Build.0 = Release|Win32
		{0E31C418-011B-46B6-B597-472491CBE089}.Debug|x64.ActiveCfg = Debug|x64
		{0E31C418-011B-46B6-B597-472491CBE089}.Debug|x64.Build.0 = Debug|x64
		{0E31C418-011B-46B6-B597-472491CBE089}.Debug|x86.ActiveCfg = Debug|Win32
		{0E31C418-011B-46B6-B597-472491CBE089}.Debug|x86.Build.0 = Debug|Win32
		{0E31C418-011B-46B6-B597-472491CBE089}.Release|x64.ActiveCfg = Release|x64
		{0E31C418-011B-46B6-B597-472491CBE089}.Release|x64.Build.0 = Release|x64
		{0E31C418-011B-46B6-B597-472491CBE089}.Release|x86.ActiveCfg = Release|Win32
		{0E31C418-011B-46B6-B597-472491CBE089}.Release|x86.Build.0 = Release|Win32
	EndGlobalSection
	GlobalSection(SolutionProperties) = preSolution
		HideSolutionNode = FALSE
	EndGlobalSection
	GlobalSection(ExtensibilityGlobals) = postSolution
		SolutionGuid = {3F2EEDD5-C3E6-4720-AA6B-732DBA523B9E}
	EndGlobalSection
EndGlobal
