<?xml version="1.0" encoding="utf-8"?>
<Project ToolsVersion="15.0" xmlns="http://schemas.microsoft.com/developer/msbuild/2003">
  <ItemGroup>
    <Filter Include="Resource Files">
      <UniqueIdentifier>{67DA6AB6-F800-4c08-8B7A-83BB121AAD01}</UniqueIdentifier>
      <Extensions>rc;ico;cur;bmp;dlg;rc2;rct;bin;rgs;gif;jpg;jpeg;jpe;resx;tga;tiff;tif;png;wav;mfcribbon-ms</Extensions>
    </Filter>
  </ItemGroup>
  <ItemGroup>
    <ClCompile Include="NDevLIB.cpp" />
    <ClCompile Include="pch.cpp" />
    <ClCompile Include="NDevResource.cpp" />
  </ItemGroup>
  <ItemGroup>
    <ClInclude Include="NDevLIB.h" />
    <ClInclude Include="pch.h" />
    <ClInclude Include="targetver.h" />
    <ClInclude Include="NDev.h" />
    <ClInclude Include="NDevData.h" />
    <ClInclude Include="NDevDefinitions.h" />
    <ClInclude Include="NDevMath.h" />
    <ClInclude Include="NDevMathAliases.h" />
    <ClInclude Include="NDevMathDistributions.h" />
    <ClInclude Include="NDevMathExtend.h" />
    <ClInclude Include="NDevMathPoint.h" />
    <ClInclude Include="NDevModel.h" />
    <ClInclude Include="NDevPoint.h" />
    <ClInclude Include="NDevSequence.h" />
    <ClInclude Include="NDevTypes.h" />
    <ClInclude Include="NDevResource.h" />
  </ItemGroup>
</Project>